
Microsoft Visual Studio Solution File, Format Version 12.00
# Visual Studio Version 17
VisualStudioVersion = 17.4.33213.308
MinimumVisualStudioVersion = 10.0.40219.1
Project("{FAE04EC0-301F-11D3-BF4B-00C04F79EFBC}") = "nothingToPractice", "nothingToPractice.csproj", "{42F417DD-C055-4A0D-A6DF-38AF328A9DFC}"
EndProject
Global
	GlobalSection(SolutionConfigurationPlatforms) = preSolution
		Debug|Any CPU = Debug|Any CPU
		Release|Any CPU = Release|Any CPU
	EndGlobalSection
	GlobalSection(ProjectConfigurationPlatforms) = postSolution
		{42F417DD-C055-4A0D-A6DF-38AF328A9DFC}.Debug|Any CPU.ActiveCfg = Debug|Any CPU
		{42F417DD-C055-4A0D-A6DF-38AF328A9DFC}.Debug|Any CPU.Build.0 = Debug|Any CPU
		{42F417DD-C055-4A0D-A6DF-38AF328A9DFC}.Release|Any CPU.ActiveCfg = Release|Any CPU
		{42F417DD-C055-4A0D-A6DF-38AF328A9DFC}.Release|Any CPU.Build.0 = Release|Any CPU
	EndGlobalSection
	GlobalSection(SolutionProperties) = preSolution
		HideSolutionNode = FALSE
	EndGlobalSection
	GlobalSection(ExtensibilityGlobals) = postSolution
		SolutionGuid = {0D577267-36DD-4B1E-B6D9-4C0451950833}
	EndGlobalSection
EndGlobal
